// !$*UTF8*$!
{
	archiveVersion = 1;
	classes = {
	};
	objectVersion = 55;
	objects = {

/* Begin PBXBuildFile section */
		AC24841B2A001CB90073D169 /* SwiftUIFirebasChatApp.swift in Sources */ = {isa = PBXBuildFile; fileRef = AC24841A2A001CB90073D169 /* SwiftUIFirebasChatApp.swift */; };
		AC24841F2A001CBA0073D169 /* Assets.xcassets in Resources */ = {isa = PBXBuildFile; fileRef = AC24841E2A001CBA0073D169 /* Assets.xcassets */; };
		AC2484222A001CBA0073D169 /* Preview Assets.xcassets in Resources */ = {isa = PBXBuildFile; fileRef = AC2484212A001CBA0073D169 /* Preview Assets.xcassets */; };
		AC24842E2A001DB40073D169 /* LoginView.swift in Sources */ = {isa = PBXBuildFile; fileRef = AC24842D2A001DB40073D169 /* LoginView.swift */; };
		AC2484302A00294C0073D169 /* LoginViewModel.swift in Sources */ = {isa = PBXBuildFile; fileRef = AC24842F2A00294C0073D169 /* LoginViewModel.swift */; };
		AC24843A2A0035290073D169 /* GoogleService-Info.plist in Resources */ = {isa = PBXBuildFile; fileRef = AC2484392A0035290073D169 /* GoogleService-Info.plist */; };
		AC24843E2A0035510073D169 /* FirebaseManager.swift in Sources */ = {isa = PBXBuildFile; fileRef = AC24843D2A0035510073D169 /* FirebaseManager.swift */; };
		AC2484442A0044830073D169 /* ImagePicker.swift in Sources */ = {isa = PBXBuildFile; fileRef = AC2484432A0044830073D169 /* ImagePicker.swift */; };
		AC2484472A0054220073D169 /* FirebaseAuth in Frameworks */ = {isa = PBXBuildFile; productRef = AC2484462A0054220073D169 /* FirebaseAuth */; };
		AC2484492A0054220073D169 /* FirebaseFirestore in Frameworks */ = {isa = PBXBuildFile; productRef = AC2484482A0054220073D169 /* FirebaseFirestore */; };
		AC24844B2A0054220073D169 /* FirebaseStorage in Frameworks */ = {isa = PBXBuildFile; productRef = AC24844A2A0054220073D169 /* FirebaseStorage */; };
/* End PBXBuildFile section */

/* Begin PBXFileReference section */
		AC2484172A001CB90073D169 /* SwiftUIFirebasChat.app */ = {isa = PBXFileReference; explicitFileType = wrapper.application; includeInIndex = 0; path = SwiftUIFirebasChat.app; sourceTree = BUILT_PRODUCTS_DIR; };
		AC24841A2A001CB90073D169 /* SwiftUIFirebasChatApp.swift */ = {isa = PBXFileReference; lastKnownFileType = sourcecode.swift; path = SwiftUIFirebasChatApp.swift; sourceTree = "<group>"; };
		AC24841E2A001CBA0073D169 /* Assets.xcassets */ = {isa = PBXFileReference; lastKnownFileType = folder.assetcatalog; path = Assets.xcassets; sourceTree = "<group>"; };
		AC2484212A001CBA0073D169 /* Preview Assets.xcassets */ = {isa = PBXFileReference; lastKnownFileType = folder.assetcatalog; path = "Preview Assets.xcassets"; sourceTree = "<group>"; };
		AC24842D2A001DB40073D169 /* LoginView.swift */ = {isa = PBXFileReference; lastKnownFileType = sourcecode.swift; path = LoginView.swift; sourceTree = "<group>"; };
		AC24842F2A00294C0073D169 /* LoginViewModel.swift */ = {isa = PBXFileReference; lastKnownFileType = sourcecode.swift; path = LoginViewModel.swift; sourceTree = "<group>"; };
		AC2484392A0035290073D169 /* GoogleService-Info.plist */ = {isa = PBXFileReference; fileEncoding = 4; lastKnownFileType = text.plist.xml; path = "GoogleService-Info.plist"; sourceTree = "<group>"; };
		AC24843D2A0035510073D169 /* FirebaseManager.swift */ = {isa = PBXFileReference; lastKnownFileType = sourcecode.swift; path = FirebaseManager.swift; sourceTree = "<group>"; };
		AC2484432A0044830073D169 /* ImagePicker.swift */ = {isa = PBXFileReference; lastKnownFileType = sourcecode.swift; path = ImagePicker.swift; sourceTree = "<group>"; };
/* End PBXFileReference section */

/* Begin PBXFrameworksBuildPhase section */
		AC2484142A001CB90073D169 /* Frameworks */ = {
			isa = PBXFrameworksBuildPhase;
			buildActionMask = 2147483647;
			files = (
				AC2484472A0054220073D169 /* FirebaseAuth in Frameworks */,
				AC2484492A0054220073D169 /* FirebaseFirestore in Frameworks */,
				AC24844B2A0054220073D169 /* FirebaseStorage in Frameworks */,
			);
			runOnlyForDeploymentPostprocessing = 0;
		};
/* End PBXFrameworksBuildPhase section */

/* Begin PBXGroup section */
		AC24840E2A001CB90073D169 = {
			isa = PBXGroup;
			children = (
				AC2484192A001CB90073D169 /* SwiftUIFirebasChat */,
				AC2484182A001CB90073D169 /* Products */,
			);
			sourceTree = "<group>";
		};
		AC2484182A001CB90073D169 /* Products */ = {
			isa = PBXGroup;
			children = (
				AC2484172A001CB90073D169 /* SwiftUIFirebasChat.app */,
			);
			name = Products;
			sourceTree = "<group>";
		};
		AC2484192A001CB90073D169 /* SwiftUIFirebasChat */ = {
			isa = PBXGroup;
			children = (
				AC24841A2A001CB90073D169 /* SwiftUIFirebasChatApp.swift */,
				AC24843B2A0035420073D169 /* Core */,
				AC2484422A0044780073D169 /* Component */,
				AC2484292A001D930073D169 /* Modules */,
				AC24841E2A001CBA0073D169 /* Assets.xcassets */,
				AC2484392A0035290073D169 /* GoogleService-Info.plist */,
				AC2484202A001CBA0073D169 /* Preview Content */,
			);
			path = SwiftUIFirebasChat;
			sourceTree = "<group>";
		};
		AC2484202A001CBA0073D169 /* Preview Content */ = {
			isa = PBXGroup;
			children = (
				AC2484212A001CBA0073D169 /* Preview Assets.xcassets */,
			);
			path = "Preview Content";
			sourceTree = "<group>";
		};
		AC2484292A001D930073D169 /* Modules */ = {
			isa = PBXGroup;
			children = (
				AC24842A2A001D9C0073D169 /* Login */,
			);
			path = Modules;
			sourceTree = "<group>";
		};
		AC24842A2A001D9C0073D169 /* Login */ = {
			isa = PBXGroup;
			children = (
				AC24842C2A001DA80073D169 /* ViewModel */,
				AC24842B2A001DA30073D169 /* View */,
			);
			path = Login;
			sourceTree = "<group>";
		};
		AC24842B2A001DA30073D169 /* View */ = {
			isa = PBXGroup;
			children = (
				AC24842D2A001DB40073D169 /* LoginView.swift */,
			);
			path = View;
			sourceTree = "<group>";
		};
		AC24842C2A001DA80073D169 /* ViewModel */ = {
			isa = PBXGroup;
			children = (
				AC24842F2A00294C0073D169 /* LoginViewModel.swift */,
			);
			path = ViewModel;
			sourceTree = "<group>";
		};
		AC24843B2A0035420073D169 /* Core */ = {
			isa = PBXGroup;
			children = (
				AC24843C2A0035490073D169 /* Firebase */,
			);
			path = Core;
			sourceTree = "<group>";
		};
		AC24843C2A0035490073D169 /* Firebase */ = {
			isa = PBXGroup;
			children = (
				AC24843D2A0035510073D169 /* FirebaseManager.swift */,
			);
			path = Firebase;
			sourceTree = "<group>";
		};
		AC2484422A0044780073D169 /* Component */ = {
			isa = PBXGroup;
			children = (
				AC2484432A0044830073D169 /* ImagePicker.swift */,
			);
			path = Component;
			sourceTree = "<group>";
		};
/* End PBXGroup section */

/* Begin PBXNativeTarget section */
		AC2484162A001CB90073D169 /* SwiftUIFirebasChat */ = {
			isa = PBXNativeTarget;
			buildConfigurationList = AC2484252A001CBA0073D169 /* Build configuration list for PBXNativeTarget "SwiftUIFirebasChat" */;
			buildPhases = (
				AC2484132A001CB90073D169 /* Sources */,
				AC2484142A001CB90073D169 /* Frameworks */,
				AC2484152A001CB90073D169 /* Resources */,
			);
			buildRules = (
			);
			dependencies = (
			);
			name = SwiftUIFirebasChat;
			packageProductDependencies = (
				AC2484462A0054220073D169 /* FirebaseAuth */,
				AC2484482A0054220073D169 /* FirebaseFirestore */,
				AC24844A2A0054220073D169 /* FirebaseStorage */,
			);
			productName = SwiftUIFirebasChat;
			productReference = AC2484172A001CB90073D169 /* SwiftUIFirebasChat.app */;
			productType = "com.apple.product-type.application";
		};
/* End PBXNativeTarget section */

/* Begin PBXProject section */
		AC24840F2A001CB90073D169 /* Project object */ = {
			isa = PBXProject;
			attributes = {
				BuildIndependentTargetsInParallel = 1;
				LastSwiftUpdateCheck = 1430;
				LastUpgradeCheck = 1430;
				TargetAttributes = {
					AC2484162A001CB90073D169 = {
						CreatedOnToolsVersion = 14.3;
					};
				};
			};
			buildConfigurationList = AC2484122A001CB90073D169 /* Build configuration list for PBXProject "SwiftUIFirebasChat" */;
			compatibilityVersion = "Xcode 13.0";
			developmentRegion = en;
			hasScannedForEncodings = 0;
			knownRegions = (
				en,
				Base,
			);
			mainGroup = AC24840E2A001CB90073D169;
			packageReferences = (
				AC2484452A0054220073D169 /* XCRemoteSwiftPackageReference "firebase-ios-sdk" */,
			);
			productRefGroup = AC2484182A001CB90073D169 /* Products */;
			projectDirPath = "";
			projectRoot = "";
			targets = (
				AC2484162A001CB90073D169 /* SwiftUIFirebasChat */,
			);
		};
/* End PBXProject section */

/* Begin PBXResourcesBuildPhase section */
		AC2484152A001CB90073D169 /* Resources */ = {
			isa = PBXResourcesBuildPhase;
			buildActionMask = 2147483647;
			files = (
				AC2484222A001CBA0073D169 /* Preview Assets.xcassets in Resources */,
				AC24841F2A001CBA0073D169 /* Assets.xcassets in Resources */,
				AC24843A2A0035290073D169 /* GoogleService-Info.plist in Resources */,
			);
			runOnlyForDeploymentPostprocessing = 0;
		};
/* End PBXResourcesBuildPhase section */

/* Begin PBXSourcesBuildPhase section */
		AC2484132A001CB90073D169 /* Sources */ = {
			isa = PBXSourcesBuildPhase;
			buildActionMask = 2147483647;
			files = (
				AC24842E2A001DB40073D169 /* LoginView.swift in Sources */,
				AC24841B2A001CB90073D169 /* SwiftUIFirebasChatApp.swift in Sources */,
				AC2484442A0044830073D169 /* ImagePicker.swift in Sources */,
				AC24843E2A0035510073D169 /* FirebaseManager.swift in Sources */,
				AC2484302A00294C0073D169 /* LoginViewModel.swift in Sources */,
			);
			runOnlyForDeploymentPostprocessing = 0;
		};
/* End PBXSourcesBuildPhase section */

/* Begin XCBuildConfiguration section */
		AC2484232A001CBA0073D169 /* Debug */ = {
			isa = XCBuildConfiguration;
			buildSettings = {
				ALWAYS_SEARCH_USER_PATHS = NO;
				CLANG_ANALYZER_NONNULL = YES;
				CLANG_ANALYZER_NUMBER_OBJECT_CONVERSION = YES_AGGRESSIVE;
				CLANG_CXX_LANGUAGE_STANDARD = "gnu++20";
				CLANG_ENABLE_MODULES = YES;
				CLANG_ENABLE_OBJC_ARC = YES;
				CLANG_ENABLE_OBJC_WEAK = YES;
				CLANG_WARN_BLOCK_CAPTURE_AUTORELEASING = YES;
				CLANG_WARN_BOOL_CONVERSION = YES;
				CLANG_WARN_COMMA = YES;
				CLANG_WARN_CONSTANT_CONVERSION = YES;
				CLANG_WARN_DEPRECATED_OBJC_IMPLEMENTATIONS = YES;
				CLANG_WARN_DIRECT_OBJC_ISA_USAGE = YES_ERROR;
				CLANG_WARN_DOCUMENTATION_COMMENTS = YES;
				CLANG_WARN_EMPTY_BODY = YES;
				CLANG_WARN_ENUM_CONVERSION = YES;
				CLANG_WARN_INFINITE_RECURSION = YES;
				CLANG_WARN_INT_CONVERSION = YES;
				CLANG_WARN_NON_LITERAL_NULL_CONVERSION = YES;
				CLANG_WARN_OBJC_IMPLICIT_RETAIN_SELF = YES;
				CLANG_WARN_OBJC_LITERAL_CONVERSION = YES;
				CLANG_WARN_OBJC_ROOT_CLASS = YES_ERROR;
				CLANG_WARN_QUOTED_INCLUDE_IN_FRAMEWORK_HEADER = YES;
				CLANG_WARN_RANGE_LOOP_ANALYSIS = YES;
				CLANG_WARN_STRICT_PROTOTYPES = YES;
				CLANG_WARN_SUSPICIOUS_MOVE = YES;
				CLANG_WARN_UNGUARDED_AVAILABILITY = YES_AGGRESSIVE;
				CLANG_WARN_UNREACHABLE_CODE = YES;
				CLANG_WARN__DUPLICATE_METHOD_MATCH = YES;
				COPY_PHASE_STRIP = NO;
				DEBUG_INFORMATION_FORMAT = dwarf;
				ENABLE_STRICT_OBJC_MSGSEND = YES;
				ENABLE_TESTABILITY = YES;
				GCC_C_LANGUAGE_STANDARD = gnu11;
				GCC_DYNAMIC_NO_PIC = NO;
				GCC_NO_COMMON_BLOCKS = YES;
				GCC_OPTIMIZATION_LEVEL = 0;
				GCC_PREPROCESSOR_DEFINITIONS = (
					"DEBUG=1",
					"$(inherited)",
				);
				GCC_WARN_64_TO_32_BIT_CONVERSION = YES;
				GCC_WARN_ABOUT_RETURN_TYPE = YES_ERROR;
				GCC_WARN_UNDECLARED_SELECTOR = YES;
				GCC_WARN_UNINITIALIZED_AUTOS = YES_AGGRESSIVE;
				GCC_WARN_UNUSED_FUNCTION = YES;
				GCC_WARN_UNUSED_VARIABLE = YES;
				IPHONEOS_DEPLOYMENT_TARGET = 15.0;
				MTL_ENABLE_DEBUG_INFO = INCLUDE_SOURCE;
				MTL_FAST_MATH = YES;
				ONLY_ACTIVE_ARCH = YES;
				SDKROOT = iphoneos;
				SWIFT_ACTIVE_COMPILATION_CONDITIONS = DEBUG;
				SWIFT_OPTIMIZATION_LEVEL = "-Onone";
			};
			name = Debug;
		};
		AC2484242A001CBA0073D169 /* Release */ = {
			isa = XCBuildConfiguration;
			buildSettings = {
				ALWAYS_SEARCH_USER_PATHS = NO;
				CLANG_ANALYZER_NONNULL = YES;
				CLANG_ANALYZER_NUMBER_OBJECT_CONVERSION = YES_AGGRESSIVE;
				CLANG_CXX_LANGUAGE_STANDARD = "gnu++20";
				CLANG_ENABLE_MODULES = YES;
				CLANG_ENABLE_OBJC_ARC = YES;
				CLANG_ENABLE_OBJC_WEAK = YES;
				CLANG_WARN_BLOCK_CAPTURE_AUTORELEASING = YES;
				CLANG_WARN_BOOL_CONVERSION = YES;
				CLANG_WARN_COMMA = YES;
				CLANG_WARN_CONSTANT_CONVERSION = YES;
				CLANG_WARN_DEPRECATED_OBJC_IMPLEMENTATIONS = YES;
				CLANG_WARN_DIRECT_OBJC_ISA_USAGE = YES_ERROR;
				CLANG_WARN_DOCUMENTATION_COMMENTS = YES;
				CLANG_WARN_EMPTY_BODY = YES;
				CLANG_WARN_ENUM_CONVERSION = YES;
				CLANG_WARN_INFINITE_RECURSION = YES;
				CLANG_WARN_INT_CONVERSION = YES;
				CLANG_WARN_NON_LITERAL_NULL_CONVERSION = YES;
				CLANG_WARN_OBJC_IMPLICIT_RETAIN_SELF = YES;
				CLANG_WARN_OBJC_LITERAL_CONVERSION = YES;
				CLANG_WARN_OBJC_ROOT_CLASS = YES_ERROR;
				CLANG_WARN_QUOTED_INCLUDE_IN_FRAMEWORK_HEADER = YES;
				CLANG_WARN_RANGE_LOOP_ANALYSIS = YES;
				CLANG_WARN_STRICT_PROTOTYPES = YES;
				CLANG_WARN_SUSPICIOUS_MOVE = YES;
				CLANG_WARN_UNGUARDED_AVAILABILITY = YES_AGGRESSIVE;
				CLANG_WARN_UNREACHABLE_CODE = YES;
				CLANG_WARN__DUPLICATE_METHOD_MATCH = YES;
				COPY_PHASE_STRIP = NO;
				DEBUG_INFORMATION_FORMAT = "dwarf-with-dsym";
				ENABLE_NS_ASSERTIONS = NO;
				ENABLE_STRICT_OBJC_MSGSEND = YES;
				GCC_C_LANGUAGE_STANDARD = gnu11;
				GCC_NO_COMMON_BLOCKS = YES;
				GCC_WARN_64_TO_32_BIT_CONVERSION = YES;
				GCC_WARN_ABOUT_RETURN_TYPE = YES_ERROR;
				GCC_WARN_UNDECLARED_SELECTOR = YES;
				GCC_WARN_UNINITIALIZED_AUTOS = YES_AGGRESSIVE;
				GCC_WARN_UNUSED_FUNCTION = YES;
				GCC_WARN_UNUSED_VARIABLE = YES;
				IPHONEOS_DEPLOYMENT_TARGET = 15.0;
				MTL_ENABLE_DEBUG_INFO = NO;
				MTL_FAST_MATH = YES;
				SDKROOT = iphoneos;
				SWIFT_COMPILATION_MODE = wholemodule;
				SWIFT_OPTIMIZATION_LEVEL = "-O";
				VALIDATE_PRODUCT = YES;
			};
			name = Release;
		};
		AC2484262A001CBA0073D169 /* Debug */ = {
			isa = XCBuildConfiguration;
			buildSettings = {
				ASSETCATALOG_COMPILER_APPICON_NAME = AppIcon;
				ASSETCATALOG_COMPILER_GLOBAL_ACCENT_COLOR_NAME = AccentColor;
				CODE_SIGN_STYLE = Automatic;
				CURRENT_PROJECT_VERSION = 1;
				DEVELOPMENT_ASSET_PATHS = "\"SwiftUIFirebasChat/Preview Content\"";
				DEVELOPMENT_TEAM = M4SYRBQBFW;
				ENABLE_PREVIEWS = YES;
				GENERATE_INFOPLIST_FILE = YES;
				INFOPLIST_KEY_UIApplicationSceneManifest_Generation = YES;
				INFOPLIST_KEY_UIApplicationSupportsIndirectInputEvents = YES;
				INFOPLIST_KEY_UILaunchScreen_Generation = YES;
				INFOPLIST_KEY_UISupportedInterfaceOrientations_iPad = "UIInterfaceOrientationPortrait UIInterfaceOrientationPortraitUpsideDown UIInterfaceOrientationLandscapeLeft UIInterfaceOrientationLandscapeRight";
				INFOPLIST_KEY_UISupportedInterfaceOrientations_iPhone = "UIInterfaceOrientationPortrait UIInterfaceOrientationLandscapeLeft UIInterfaceOrientationLandscapeRight";
				IPHONEOS_DEPLOYMENT_TARGET = 15.0;
				LD_RUNPATH_SEARCH_PATHS = (
					"$(inherited)",
					"@executable_path/Frameworks",
				);
				MARKETING_VERSION = 1.0;
				PRODUCT_BUNDLE_IDENTIFIER = com.AhmedAmin.SwiftUIFirebasChat;
				PRODUCT_NAME = "$(TARGET_NAME)";
				SWIFT_EMIT_LOC_STRINGS = YES;
				SWIFT_VERSION = 5.0;
				TARGETED_DEVICE_FAMILY = "1,2";
			};
			name = Debug;
		};
		AC2484272A001CBA0073D169 /* Release */ = {
			isa = XCBuildConfiguration;
			buildSettings = {
				ASSETCATALOG_COMPILER_APPICON_NAME = AppIcon;
				ASSETCATALOG_COMPILER_GLOBAL_ACCENT_COLOR_NAME = AccentColor;
				CODE_SIGN_STYLE = Automatic;
				CURRENT_PROJECT_VERSION = 1;
				DEVELOPMENT_ASSET_PATHS = "\"SwiftUIFirebasChat/Preview Content\"";
				DEVELOPMENT_TEAM = M4SYRBQBFW;
				ENABLE_PREVIEWS = YES;
				GENERATE_INFOPLIST_FILE = YES;
				INFOPLIST_KEY_UIApplicationSceneManifest_Generation = YES;
				INFOPLIST_KEY_UIApplicationSupportsIndirectInputEvents = YES;
				INFOPLIST_KEY_UILaunchScreen_Generation = YES;
				INFOPLIST_KEY_UISupportedInterfaceOrientations_iPad = "UIInterfaceOrientationPortrait UIInterfaceOrientationPortraitUpsideDown UIInterfaceOrientationLandscapeLeft UIInterfaceOrientationLandscapeRight";
				INFOPLIST_KEY_UISupportedInterfaceOrientations_iPhone = "UIInterfaceOrientationPortrait UIInterfaceOrientationLandscapeLeft UIInterfaceOrientationLandscapeRight";
				IPHONEOS_DEPLOYMENT_TARGET = 15.0;
				LD_RUNPATH_SEARCH_PATHS = (
					"$(inherited)",
					"@executable_path/Frameworks",
				);
				MARKETING_VERSION = 1.0;
				PRODUCT_BUNDLE_IDENTIFIER = com.AhmedAmin.SwiftUIFirebasChat;
				PRODUCT_NAME = "$(TARGET_NAME)";
				SWIFT_EMIT_LOC_STRINGS = YES;
				SWIFT_VERSION = 5.0;
				TARGETED_DEVICE_FAMILY = "1,2";
			};
			name = Release;
		};
/* End XCBuildConfiguration section */

/* Begin XCConfigurationList section */
		AC2484122A001CB90073D169 /* Build configuration list for PBXProject "SwiftUIFirebasChat" */ = {
			isa = XCConfigurationList;
			buildConfigurations = (
				AC2484232A001CBA0073D169 /* Debug */,
				AC2484242A001CBA0073D169 /* Release */,
			);
			defaultConfigurationIsVisible = 0;
			defaultConfigurationName = Release;
		};
		AC2484252A001CBA0073D169 /* Build configuration list for PBXNativeTarget "SwiftUIFirebasChat" */ = {
			isa = XCConfigurationList;
			buildConfigurations = (
				AC2484262A001CBA0073D169 /* Debug */,
				AC2484272A001CBA0073D169 /* Release */,
			);
			defaultConfigurationIsVisible = 0;
			defaultConfigurationName = Release;
		};
/* End XCConfigurationList section */

/* Begin XCRemoteSwiftPackageReference section */
		AC2484452A0054220073D169 /* XCRemoteSwiftPackageReference "firebase-ios-sdk" */ = {
			isa = XCRemoteSwiftPackageReference;
			repositoryURL = "https://github.com/firebase/firebase-ios-sdk";
			requirement = {
				kind = upToNextMajorVersion;
				minimumVersion = 10.0.0;
			};
		};
/* End XCRemoteSwiftPackageReference section */

/* Begin XCSwiftPackageProductDependency section */
		AC2484462A0054220073D169 /* FirebaseAuth */ = {
			isa = XCSwiftPackageProductDependency;
			package = AC2484452A0054220073D169 /* XCRemoteSwiftPackageReference "firebase-ios-sdk" */;
			productName = FirebaseAuth;
		};
		AC2484482A0054220073D169 /* FirebaseFirestore */ = {
			isa = XCSwiftPackageProductDependency;
			package = AC2484452A0054220073D169 /* XCRemoteSwiftPackageReference "firebase-ios-sdk" */;
			productName = FirebaseFirestore;
		};
		AC24844A2A0054220073D169 /* FirebaseStorage */ = {
			isa = XCSwiftPackageProductDependency;
			package = AC2484452A0054220073D169 /* XCRemoteSwiftPackageReference "firebase-ios-sdk" */;
			productName = FirebaseStorage;
		};
/* End XCSwiftPackageProductDependency section */
	};
	rootObject = AC24840F2A001CB90073D169 /* Project object */;
}
